
Microsoft Visual Studio Solution File, Format Version 12.00
# Visual Studio Version 17
VisualStudioVersion = 17.4.33213.308
MinimumVisualStudioVersion = 10.0.40219.1
Project("{9A19103F-16F7-4668-BE54-9A1E7A4F7556}") = "01.Trains", "01.Trains\01.Trains.csproj", "{22C7C4E2-8CB2-43F0-90AF-0EFECAAC4230}"
EndProject
Project("{9A19103F-16F7-4668-BE54-9A1E7A4F7556}") = "02.ConditionalExpressionResolver", "02.ConditionalExpressionResolver\02.ConditionalExpressionResolver.csproj", "{79EE6CDE-7440-4A12-8C67-8AD222E5E991}"
EndProject
Project("{9A19103F-16F7-4668-BE54-9A1E7A4F7556}") = "03.Guards", "03.Guards\03.Guards.csproj", "{76BBEC87-BD0E-40DB-9BA1-FE24263FA09A}"
EndProject
Project("{9A19103F-16F7-4668-BE54-9A1E7A4F7556}") = "04.StringsMashup", "04.StringsMashup\04.StringsMashup.csproj", "{8F663F22-8425-4465-8ECA-B2CF276465B6}"
EndProject
Project("{9A19103F-16F7-4668-BE54-9A1E7A4F7556}") = "05.Rumors", "05.Rumors\05.Rumors.csproj", "{DC9C2E20-FAB3-4D97-B934-F7823CE3A2FF}"
EndProject
Project("{9A19103F-16F7-4668-BE54-9A1E7A4F7556}") = "06.BankRobbery", "06.BankRobbery\06.BankRobbery.csproj", "{72174DF4-1592-4823-8BFF-D535728A05FC}"
EndProject
Project("{9A19103F-16F7-4668-BE54-9A1E7A4F7556}") = "07.MoveDown-Right", "07.MoveDown-Right\07.MoveDown-Right.csproj", "{B4D89B55-559D-42FD-A7DD-EBFA92CDA157}"
EndProject
Project("{9A19103F-16F7-4668-BE54-9A1E7A4F7556}") = "08.Universes", "08.Universes\08.Universes.csproj", "{3738BAA9-4887-4134-93CC-DD423853C0CC}"
EndProject
Project("{9A19103F-16F7-4668-BE54-9A1E7A4F7556}") = "09. Strings Mashup", "09. Strings Mashup\09. Strings Mashup.csproj", "{320709CC-E9F1-43AD-A9CA-E9D0F37B711F}"
EndProject
Project("{9A19103F-16F7-4668-BE54-9A1E7A4F7556}") = "10.TBC", "10.TBC\10.TBC.csproj", "{9A1FFABC-E5EF-4462-8185-CAE88B064E92}"
EndProject
Project("{9A19103F-16F7-4668-BE54-9A1E7A4F7556}") = "11.Socks", "11.Socks\11.Socks.csproj", "{A877FF29-F83D-45B8-AA20-C7BEC2306880}"
EndProject
Project("{9A19103F-16F7-4668-BE54-9A1E7A4F7556}") = "12.PathFinder", "12.PathFinder\12.PathFinder.csproj", "{A78961E7-05F7-4FF4-A8D7-F008CCD43507}"
EndProject
Project("{9A19103F-16F7-4668-BE54-9A1E7A4F7556}") = "13.SuperSet", "13.SuperSet\13.SuperSet.csproj", "{366BF7E8-274D-4985-AA29-56B9A9A34410}"
EndProject
Project("{9A19103F-16F7-4668-BE54-9A1E7A4F7556}") = "14.Paths", "14.Paths\14.Paths.csproj", "{821A5160-5434-4E47-B6F1-74F3E0915C81}"
EndProject
Project("{9A19103F-16F7-4668-BE54-9A1E7A4F7556}") = "15.Climbing", "15.Climbing\15.Climbing.csproj", "{29138AFD-F6FE-44B7-8D15-E2CFB4AB1C17}"
EndProject
Project("{FAE04EC0-301F-11D3-BF4B-00C04F79EFBC}") = "18.Chainalysis", "18.Chainalysis\18.Chainalysis.csproj", "{24A33106-9154-4CDF-986A-5BC73E9F806A}"
EndProject
Project("{FAE04EC0-301F-11D3-BF4B-00C04F79EFBC}") = "19.BitcoinTransactions", "19.BitcoinTransactions\19.BitcoinTransactions.csproj", "{738EDF29-9FC1-4E75-9879-928FF41D181D}"
EndProject
Project("{FAE04EC0-301F-11D3-BF4B-00C04F79EFBC}") = "01.BitcoinMiners", "01.BitcoinMiners\01.BitcoinMiners.csproj", "{8EB527E3-7B32-4F9B-BAE6-844AFA06FD31}"
EndProject
Global
	GlobalSection(SolutionConfigurationPlatforms) = preSolution
		Debug|Any CPU = Debug|Any CPU
		Release|Any CPU = Release|Any CPU
	EndGlobalSection
	GlobalSection(ProjectConfigurationPlatforms) = postSolution
		{22C7C4E2-8CB2-43F0-90AF-0EFECAAC4230}.Debug|Any CPU.ActiveCfg = Debug|Any CPU
		{22C7C4E2-8CB2-43F0-90AF-0EFECAAC4230}.Debug|Any CPU.Build.0 = Debug|Any CPU
		{22C7C4E2-8CB2-43F0-90AF-0EFECAAC4230}.Release|Any CPU.ActiveCfg = Release|Any CPU
		{22C7C4E2-8CB2-43F0-90AF-0EFECAAC4230}.Release|Any CPU.Build.0 = Release|Any CPU
		{79EE6CDE-7440-4A12-8C67-8AD222E5E991}.Debug|Any CPU.ActiveCfg = Debug|Any CPU
		{79EE6CDE-7440-4A12-8C67-8AD222E5E991}.Debug|Any CPU.Build.0 = Debug|Any CPU
		{79EE6CDE-7440-4A12-8C67-8AD222E5E991}.Release|Any CPU.ActiveCfg = Release|Any CPU
		{79EE6CDE-7440-4A12-8C67-8AD222E5E991}.Release|Any CPU.Build.0 = Release|Any CPU
		{76BBEC87-BD0E-40DB-9BA1-FE24263FA09A}.Debug|Any CPU.ActiveCfg = Debug|Any CPU
		{76BBEC87-BD0E-40DB-9BA1-FE24263FA09A}.Debug|Any CPU.Build.0 = Debug|Any CPU
		{76BBEC87-BD0E-40DB-9BA1-FE24263FA09A}.Release|Any CPU.ActiveCfg = Release|Any CPU
		{76BBEC87-BD0E-40DB-9BA1-FE24263FA09A}.Release|Any CPU.Build.0 = Release|Any CPU
		{8F663F22-8425-4465-8ECA-B2CF276465B6}.Debug|Any CPU.ActiveCfg = Debug|Any CPU
		{8F663F22-8425-4465-8ECA-B2CF276465B6}.Debug|Any CPU.Build.0 = Debug|Any CPU
		{8F663F22-8425-4465-8ECA-B2CF276465B6}.Release|Any CPU.ActiveCfg = Release|Any CPU
		{8F663F22-8425-4465-8ECA-B2CF276465B6}.Release|Any CPU.Build.0 = Release|Any CPU
		{DC9C2E20-FAB3-4D97-B934-F7823CE3A2FF}.Debug|Any CPU.ActiveCfg = Debug|Any CPU
		{DC9C2E20-FAB3-4D97-B934-F7823CE3A2FF}.Debug|Any CPU.Build.0 = Debug|Any CPU
		{DC9C2E20-FAB3-4D97-B934-F7823CE3A2FF}.Release|Any CPU.ActiveCfg = Release|Any CPU
		{DC9C2E20-FAB3-4D97-B934-F7823CE3A2FF}.Release|Any CPU.Build.0 = Release|Any CPU
		{72174DF4-1592-4823-8BFF-D535728A05FC}.Debug|Any CPU.ActiveCfg = Debug|Any CPU
		{72174DF4-1592-4823-8BFF-D535728A05FC}.Debug|Any CPU.Build.0 = Debug|Any CPU
		{72174DF4-1592-4823-8BFF-D535728A05FC}.Release|Any CPU.ActiveCfg = Release|Any CPU
		{72174DF4-1592-4823-8BFF-D535728A05FC}.Release|Any CPU.Build.0 = Release|Any CPU
		{B4D89B55-559D-42FD-A7DD-EBFA92CDA157}.Debug|Any CPU.ActiveCfg = Debug|Any CPU
		{B4D89B55-559D-42FD-A7DD-EBFA92CDA157}.Debug|Any CPU.Build.0 = Debug|Any CPU
		{B4D89B55-559D-42FD-A7DD-EBFA92CDA157}.Release|Any CPU.ActiveCfg = Release|Any CPU
		{B4D89B55-559D-42FD-A7DD-EBFA92CDA157}.Release|Any CPU.Build.0 = Release|Any CPU
		{3738BAA9-4887-4134-93CC-DD423853C0CC}.Debug|Any CPU.ActiveCfg = Debug|Any CPU
		{3738BAA9-4887-4134-93CC-DD423853C0CC}.Debug|Any CPU.Build.0 = Debug|Any CPU
		{3738BAA9-4887-4134-93CC-DD423853C0CC}.Release|Any CPU.ActiveCfg = Release|Any CPU
		{3738BAA9-4887-4134-93CC-DD423853C0CC}.Release|Any CPU.Build.0 = Release|Any CPU
		{320709CC-E9F1-43AD-A9CA-E9D0F37B711F}.Debug|Any CPU.ActiveCfg = Debug|Any CPU
		{320709CC-E9F1-43AD-A9CA-E9D0F37B711F}.Debug|Any CPU.Build.0 = Debug|Any CPU
		{320709CC-E9F1-43AD-A9CA-E9D0F37B711F}.Release|Any CPU.ActiveCfg = Release|Any CPU
		{320709CC-E9F1-43AD-A9CA-E9D0F37B711F}.Release|Any CPU.Build.0 = Release|Any CPU
		{9A1FFABC-E5EF-4462-8185-CAE88B064E92}.Debug|Any CPU.ActiveCfg = Debug|Any CPU
		{9A1FFABC-E5EF-4462-8185-CAE88B064E92}.Debug|Any CPU.Build.0 = Debug|Any CPU
		{9A1FFABC-E5EF-4462-8185-CAE88B064E92}.Release|Any CPU.ActiveCfg = Release|Any CPU
		{9A1FFABC-E5EF-4462-8185-CAE88B064E92}.Release|Any CPU.Build.0 = Release|Any CPU
		{A877FF29-F83D-45B8-AA20-C7BEC2306880}.Debug|Any CPU.ActiveCfg = Debug|Any CPU
		{A877FF29-F83D-45B8-AA20-C7BEC2306880}.Debug|Any CPU.Build.0 = Debug|Any CPU
		{A877FF29-F83D-45B8-AA20-C7BEC2306880}.Release|Any CPU.ActiveCfg = Release|Any CPU
		{A877FF29-F83D-45B8-AA20-C7BEC2306880}.Release|Any CPU.Build.0 = Release|Any CPU
		{A78961E7-05F7-4FF4-A8D7-F008CCD43507}.Debug|Any CPU.ActiveCfg = Debug|Any CPU
		{A78961E7-05F7-4FF4-A8D7-F008CCD43507}.Debug|Any CPU.Build.0 = Debug|Any CPU
		{A78961E7-05F7-4FF4-A8D7-F008CCD43507}.Release|Any CPU.ActiveCfg = Release|Any CPU
		{A78961E7-05F7-4FF4-A8D7-F008CCD43507}.Release|Any CPU.Build.0 = Release|Any CPU
		{366BF7E8-274D-4985-AA29-56B9A9A34410}.Debug|Any CPU.ActiveCfg = Debug|Any CPU
		{366BF7E8-274D-4985-AA29-56B9A9A34410}.Debug|Any CPU.Build.0 = Debug|Any CPU
		{366BF7E8-274D-4985-AA29-56B9A9A34410}.Release|Any CPU.ActiveCfg = Release|Any CPU
		{366BF7E8-274D-4985-AA29-56B9A9A34410}.Release|Any CPU.Build.0 = Release|Any CPU
		{821A5160-5434-4E47-B6F1-74F3E0915C81}.Debug|Any CPU.ActiveCfg = Debug|Any CPU
		{821A5160-5434-4E47-B6F1-74F3E0915C81}.Debug|Any CPU.Build.0 = Debug|Any CPU
		{821A5160-5434-4E47-B6F1-74F3E0915C81}.Release|Any CPU.ActiveCfg = Release|Any CPU
		{821A5160-5434-4E47-B6F1-74F3E0915C81}.Release|Any CPU.Build.0 = Release|Any CPU
		{29138AFD-F6FE-44B7-8D15-E2CFB4AB1C17}.Debug|Any CPU.ActiveCfg = Debug|Any CPU
		{29138AFD-F6FE-44B7-8D15-E2CFB4AB1C17}.Debug|Any CPU.Build.0 = Debug|Any CPU
		{29138AFD-F6FE-44B7-8D15-E2CFB4AB1C17}.Release|Any CPU.ActiveCfg = Release|Any CPU
		{29138AFD-F6FE-44B7-8D15-E2CFB4AB1C17}.Release|Any CPU.Build.0 = Release|Any CPU
		{24A33106-9154-4CDF-986A-5BC73E9F806A}.Debug|Any CPU.ActiveCfg = Debug|Any CPU
		{24A33106-9154-4CDF-986A-5BC73E9F806A}.Debug|Any CPU.Build.0 = Debug|Any CPU
		{24A33106-9154-4CDF-986A-5BC73E9F806A}.Release|Any CPU.ActiveCfg = Release|Any CPU
		{24A33106-9154-4CDF-986A-5BC73E9F806A}.Release|Any CPU.Build.0 = Release|Any CPU
		{738EDF29-9FC1-4E75-9879-928FF41D181D}.Debug|Any CPU.ActiveCfg = Debug|Any CPU
		{738EDF29-9FC1-4E75-9879-928FF41D181D}.Debug|Any CPU.Build.0 = Debug|Any CPU
		{738EDF29-9FC1-4E75-9879-928FF41D181D}.Release|Any CPU.ActiveCfg = Release|Any CPU
		{738EDF29-9FC1-4E75-9879-928FF41D181D}.Release|Any CPU.Build.0 = Release|Any CPU
		{8EB527E3-7B32-4F9B-BAE6-844AFA06FD31}.Debug|Any CPU.ActiveCfg = Debug|Any CPU
		{8EB527E3-7B32-4F9B-BAE6-844AFA06FD31}.Debug|Any CPU.Build.0 = Debug|Any CPU
		{8EB527E3-7B32-4F9B-BAE6-844AFA06FD31}.Release|Any CPU.ActiveCfg = Release|Any CPU
		{8EB527E3-7B32-4F9B-BAE6-844AFA06FD31}.Release|Any CPU.Build.0 = Release|Any CPU
	EndGlobalSection
	GlobalSection(SolutionProperties) = preSolution
		HideSolutionNode = FALSE
	EndGlobalSection
	GlobalSection(ExtensibilityGlobals) = postSolution
		SolutionGuid = {E67C4C52-DFBD-43D2-8C6E-39494B4053BF}
	EndGlobalSection
EndGlobal
